
Microsoft Visual Studio Solution File, Format Version 12.00
# Visual Studio 15
VisualStudioVersion = 15.0.27703.2026
MinimumVisualStudioVersion = 10.0.40219.1
Project("{9A19103F-16F7-4668-BE54-9A1E7A4F7556}") = "CMGenerator", "src\CMGenerator.csproj", "{BA75CE7E-5598-4F69-8268-BEA06EE1E16C}"
EndProject
Global
	GlobalSection(SolutionConfigurationPlatforms) = preSolution
		Debug|Any CPU = Debug|Any CPU
		OnlyResults|Any CPU = OnlyResults|Any CPU
		Release|Any CPU = Release|Any CPU
	EndGlobalSection
	GlobalSection(ProjectConfigurationPlatforms) = postSolution
		{BA75CE7E-5598-4F69-8268-BEA06EE1E16C}.Debug|Any CPU.ActiveCfg = Debug|Any CPU
		{BA75CE7E-5598-4F69-8268-BEA06EE1E16C}.Debug|Any CPU.Build.0 = Debug|Any CPU
		{BA75CE7E-5598-4F69-8268-BEA06EE1E16C}.OnlyResults|Any CPU.ActiveCfg = OnlyResults|Any CPU
		{BA75CE7E-5598-4F69-8268-BEA06EE1E16C}.OnlyResults|Any CPU.Build.0 = OnlyResults|Any CPU
		{BA75CE7E-5598-4F69-8268-BEA06EE1E16C}.Release|Any CPU.ActiveCfg = Release|Any CPU
		{BA75CE7E-5598-4F69-8268-BEA06EE1E16C}.Release|Any CPU.Build.0 = Release|Any CPU
	EndGlobalSection
	GlobalSection(SolutionProperties) = preSolution
		HideSolutionNode = FALSE
	EndGlobalSection
	GlobalSection(ExtensibilityGlobals) = postSolution
		SolutionGuid = {6446D809-7786-4D8D-B7E3-6939526201EC}
	EndGlobalSection
EndGlobal
